<?xml version="1.0" encoding="utf-8"?>
<Project ToolsVersion="4.0" xmlns="http://schemas.microsoft.com/developer/msbuild/2003">
  <ItemGroup>
    <Filter Include="Source Files">
      <UniqueIdentifier>{4FC737F1-C7A5-4376-A066-2A32D752A2FF}</UniqueIdentifier>
      <Extensions>cpp;c;cc;cxx;def;odl;idl;hpj;bat;asm;asmx</Extensions>
    </Filter>
    <Filter Include="Header Files">
      <UniqueIdentifier>{93995380-89BD-4b04-88EB-625FBE52EBFB}</UniqueIdentifier>
      <Extensions>h;hh;hpp;hxx;hm;inl;inc;xsd</Extensions>
    </Filter>
    <Filter Include="Resource Files">
      <UniqueIdentifier>{67DA6AB6-F800-4c08-8B7A-83BB121AAD01}</UniqueIdentifier>
      <Extensions>rc;ico;cur;bmp;dlg;rc2;rct;bin;rgs;gif;jpg;jpeg;jpe;resx;tiff;tif;png;wav;mfcribbon-ms</Extensions>
    </Filter>
  </ItemGroup>
  <ItemGroup>
    <ClInclude Include="Inc\MatrixMultiply_Ref.h">
      <Filter>Header Files</Filter>
    </ClInclude>
    <ClInclude Include="Inc\MatrixMultiply_V0.h">
      <Filter>Header Files</Filter>
    </ClInclude>
    <ClInclude Include="Inc\MatrixMultiply_V1.h">
      <Filter>Header Files</Filter>
    </ClInclude>
    <ClInclude Include="Inc\MatrixMultiply_V2.h">
      <Filter>Header Files</Filter>
    </ClInclude>
    <ClInclude Include="Inc\MatrixMultiply_V3.h">
      <Filter>Header Files</Filter>
    </ClInclude>
    <ClInclude Include="Inc\MatrixMultiply_V4.h">
      <Filter>Header Files</Filter>
    </ClInclude>
    <ClInclude Include="Inc\stdafx.h">
      <Filter>Header Files</Filter>
    </ClInclude>
    <ClInclude Include="Inc\targetver.h">
      <Filter>Header Files</Filter>
    </ClInclude>
    <ClInclude Include="Inc\Utils.h">
      <Filter>Header Files</Filter>
    </ClInclude>
    <ClInclude Include="Inc\MatrixMultiply.h">
      <Filter>Header Files</Filter>
    </ClInclude>
    <ClInclude Include="Inc\TestCase1.h">
      <Filter>Header Files</Filter>
    </ClInclude>
    <ClInclude Include="Inc\TestCase2.h">
      <Filter>Header Files</Filter>
    </ClInclude>
    <ClInclude Include="Inc\TestCase3.h">
      <Filter>Header Files</Filter>
    </ClInclude>
  </ItemGroup>
  <ItemGroup>
    <ClCompile Include="Src\MatrixMultiply.cpp">
      <Filter>Source Files</Filter>
    </ClCompile>
    <ClCompile Include="Src\stdafx.cpp">
      <Filter>Source Files</Filter>
    </ClCompile>
    <ClCompile Include="Src\TestCase1.cpp">
      <Filter>Source Files</Filter>
    </ClCompile>
    <ClCompile Include="Src\TestCase2.cpp">
      <Filter>Source Files</Filter>
    </ClCompile>
    <ClCompile Include="Src\TestCase3.cpp">
      <Filter>Source Files</Filter>
    </ClCompile>
    <ClCompile Include="Src\Main.cpp">
      <Filter>Source Files</Filter>
    </ClCompile>
  </ItemGroup>
  <ItemGroup>
    <MASM Include="Src\MatrixMultiply_V3.asm">
      <Filter>Source Files</Filter>
    </MASM>
    <MASM Include="Src\MatrixMultiply_V4.asm">
      <Filter>Source Files</Filter>
    </MASM>
  </ItemGroup>
</Project>